<?xml version="1.0" encoding="utf-8"?>
<Project ToolsVersion="4.0" xmlns="http://schemas.microsoft.com/developer/msbuild/2003">
  <ItemGroup>
    <Filter Include="Source Files">
      <UniqueIdentifier>{4FC737F1-C7A5-4376-A066-2A32D752A2FF}</UniqueIdentifier>
      <Extensions>cpp;c;cc;cxx;def;odl;idl;hpj;bat;asm;asmx</Extensions>
    </Filter>
    <Filter Include="Header Files">
      <UniqueIdentifier>{93995380-89BD-4b04-88EB-625FBE52EBFB}</UniqueIdentifier>
      <Extensions>h;hpp;hxx;hm;inl;inc;xsd</Extensions>
    </Filter>
    <Filter Include="Resource Files">
      <UniqueIdentifier>{67DA6AB6-F800-4c08-8B7A-83BB121AAD01}</UniqueIdentifier>
      <Extensions>rc;ico;cur;bmp;dlg;rc2;rct;bin;rgs;gif;jpg;jpeg;jpe;resx;tiff;tif;png;wav</Extensions>
    </Filter>
  </ItemGroup>
  <ItemGroup>
    <ClCompile Include="AssemblyInfo.cpp">
      <Filter>Source Files</Filter>
    </ClCompile>
    <ClCompile Include="Conversion.cpp">
      <Filter>Source Files</Filter>
    </ClCompile>
    <ClCompile Include="DecoderFactory.cpp">
      <Filter>Source Files</Filter>
    </ClCompile>
    <ClCompile Include="FrameConverterW.cpp">
      <Filter>Source Files</Filter>
    </ClCompile>
    <ClCompile Include="FrameDecoderW.cpp">
      <Filter>Source Files</Filter>
    </ClCompile>
    <ClCompile Include="FrameFilterW.cpp">
      <Filter>Source Files</Filter>
    </ClCompile>
    <ClCompile Include="FrameProcessorW.cpp">
      <Filter>Source Files</Filter>
    </ClCompile>
    <ClCompile Include="FrameProviderW.cpp">
      <Filter>Source Files</Filter>
    </ClCompile>
    <ClCompile Include="LineStatusW.cpp">
      <Filter>Source Files</Filter>
    </ClCompile>
    <ClCompile Include="RationalW.cpp">
      <Filter>Source Files</Filter>
    </ClCompile>
    <ClCompile Include="VideoPropsW.cpp">
      <Filter>Source Files</Filter>
    </ClCompile>
  </ItemGroup>
  <ItemGroup>
    <ClInclude Include="Conversion.h">
      <Filter>Header Files</Filter>
    </ClInclude>
    <ClInclude Include="DecoderFactory.h">
      <Filter>Header Files</Filter>
    </ClInclude>
    <ClInclude Include="FrameConverterW.h">
      <Filter>Header Files</Filter>
    </ClInclude>
    <ClInclude Include="FrameDecoderW.h">
      <Filter>Header Files</Filter>
    </ClInclude>
    <ClInclude Include="FrameFilterW.h">
      <Filter>Header Files</Filter>
    </ClInclude>
    <ClInclude Include="FrameProcessorW.h">
      <Filter>Header Files</Filter>
    </ClInclude>
    <ClInclude Include="FrameProviderW.h">
      <Filter>Header Files</Filter>
    </ClInclude>
    <ClInclude Include="LineStatusW.h">
      <Filter>Header Files</Filter>
    </ClInclude>
    <ClInclude Include="RationalW.h">
      <Filter>Header Files</Filter>
    </ClInclude>
    <ClInclude Include="VideoPropsW.h">
      <Filter>Header Files</Filter>
    </ClInclude>
  </ItemGroup>
</Project>